
Microsoft Visual Studio Solution File, Format Version 12.00
# Visual Studio 15
VisualStudioVersion = 15.0.28307.438
MinimumVisualStudioVersion = 10.0.40219.1
Project("{FAE04EC0-301F-11D3-BF4B-00C04F79EFBC}") = "ATOSGrowthHack", "WebApp\ATOSGrowthHack.csproj", "{57A58A20-0C5E-4457-9D65-B967C9AE117A}"
EndProject
Global
	GlobalSection(SolutionConfigurationPlatforms) = preSolution
		Debug|Any CPU = Debug|Any CPU
		Release|Any CPU = Release|Any CPU
	EndGlobalSection
	GlobalSection(ProjectConfigurationPlatforms) = postSolution
		{57A58A20-0C5E-4457-9D65-B967C9AE117A}.Debug|Any CPU.ActiveCfg = Debug|Any CPU
		{57A58A20-0C5E-4457-9D65-B967C9AE117A}.Debug|Any CPU.Build.0 = Debug|Any CPU
		{57A58A20-0C5E-4457-9D65-B967C9AE117A}.Release|Any CPU.ActiveCfg = Release|Any CPU
		{57A58A20-0C5E-4457-9D65-B967C9AE117A}.Release|Any CPU.Build.0 = Release|Any CPU
	EndGlobalSection
	GlobalSection(SolutionProperties) = preSolution
		HideSolutionNode = FALSE
	EndGlobalSection
	GlobalSection(ExtensibilityGlobals) = postSolution
		SolutionGuid = {E4CC91E9-9D75-430E-8824-C2C59B9BAFAF}
	EndGlobalSection
EndGlobal
